
Microsoft Visual Studio Solution File, Format Version 12.00
# Visual Studio Version 17
VisualStudioVersion = 17.1.32210.238
MinimumVisualStudioVersion = 10.0.40219.1
Project("{FAE04EC0-301F-11D3-BF4B-00C04F79EFBC}") = "AlternatingCaps", "AlternatingCaps.csproj", "{5B55E21F-013B-4033-994B-1F64803EE099}"
EndProject
Global
	GlobalSection(SolutionConfigurationPlatforms) = preSolution
		Debug|Any CPU = Debug|Any CPU
		Release|Any CPU = Release|Any CPU
	EndGlobalSection
	GlobalSection(ProjectConfigurationPlatforms) = postSolution
		{5B55E21F-013B-4033-994B-1F64803EE099}.Debug|Any CPU.ActiveCfg = Debug|Any CPU
		{5B55E21F-013B-4033-994B-1F64803EE099}.Debug|Any CPU.Build.0 = Debug|Any CPU
		{5B55E21F-013B-4033-994B-1F64803EE099}.Release|Any CPU.ActiveCfg = Release|Any CPU
		{5B55E21F-013B-4033-994B-1F64803EE099}.Release|Any CPU.Build.0 = Release|Any CPU
	EndGlobalSection
	GlobalSection(SolutionProperties) = preSolution
		HideSolutionNode = FALSE
	EndGlobalSection
	GlobalSection(ExtensibilityGlobals) = postSolution
		SolutionGuid = {53EA7868-B83F-4A8B-9EA0-001C0A026399}
	EndGlobalSection
EndGlobal
